
Microsoft Visual Studio Solution File, Format Version 12.00
# Visual Studio Version 16
VisualStudioVersion = 16.0.29728.190
MinimumVisualStudioVersion = 10.0.40219.1
Project("{9A19103F-16F7-4668-BE54-9A1E7A4F7556}") = "CorePractice", "CorePractice\CorePractice.csproj", "{FF113F43-E940-4988-9BC6-949C46A60071}"
EndProject
Project("{FAE04EC0-301F-11D3-BF4B-00C04F79EFBC}") = "CorePracticeTestProject", "CorePracticeTestProject\CorePracticeTestProject.csproj", "{E20857AA-3056-4DC5-935C-D8044BE3FF6D}"
EndProject
Global
	GlobalSection(SolutionConfigurationPlatforms) = preSolution
		Debug|Any CPU = Debug|Any CPU
		Release|Any CPU = Release|Any CPU
	EndGlobalSection
	GlobalSection(ProjectConfigurationPlatforms) = postSolution
		{FF113F43-E940-4988-9BC6-949C46A60071}.Debug|Any CPU.ActiveCfg = Debug|Any CPU
		{FF113F43-E940-4988-9BC6-949C46A60071}.Debug|Any CPU.Build.0 = Debug|Any CPU
		{FF113F43-E940-4988-9BC6-949C46A60071}.Release|Any CPU.ActiveCfg = Release|Any CPU
		{FF113F43-E940-4988-9BC6-949C46A60071}.Release|Any CPU.Build.0 = Release|Any CPU
		{E20857AA-3056-4DC5-935C-D8044BE3FF6D}.Debug|Any CPU.ActiveCfg = Debug|Any CPU
		{E20857AA-3056-4DC5-935C-D8044BE3FF6D}.Debug|Any CPU.Build.0 = Debug|Any CPU
		{E20857AA-3056-4DC5-935C-D8044BE3FF6D}.Release|Any CPU.ActiveCfg = Release|Any CPU
		{E20857AA-3056-4DC5-935C-D8044BE3FF6D}.Release|Any CPU.Build.0 = Release|Any CPU
	EndGlobalSection
	GlobalSection(SolutionProperties) = preSolution
		HideSolutionNode = FALSE
	EndGlobalSection
	GlobalSection(ExtensibilityGlobals) = postSolution
		SolutionGuid = {D384D847-9F70-434A-BF33-57030C585E87}
	EndGlobalSection
EndGlobal
